<?xml version="1.0" encoding="UTF-8" standalone="yes" ?>
<CodeBlocks_project_file>
	<FileVersion major="1" minor="6" />
	<Project>
		<Option title="CTPAHA MOHCTPOB" />
		<Option pch_mode="2" />
		<Option compiler="gcc" />
		<Build>
			<Target title="Debug">
				<Option output="bin/Debug/CTPAHAMOHCTPOB" prefix_auto="1" extension_auto="1" />
				<Option object_output="obj/Debug/" />
				<Option type="1" />
				<Option compiler="gcc" />
				<Compiler>
					<Add option="-std=gnu++17" />
					<Add option="-g" />
				</Compiler>
				<Linker>
					<Add library="lib/pdcurses.a" />
				</Linker>
			</Target>
			<Target title="Release">
				<Option output="bin/Release/CTPAHAMOHCTPOB" prefix_auto="1" extension_auto="1" />
				<Option object_output="obj/Release/" />
				<Option type="1" />
				<Option compiler="gcc" />
				<Compiler>
					<Add option="-O2" />
				</Compiler>
				<Linker>
					<Add option="-s" />
				</Linker>
			</Target>
		</Build>
		<Compiler>
			<Add option="-Wall" />
		</Compiler>
		<Unit filename="common.h" />
		<Unit filename="daytime.c">
			<Option compilerVar="CC" />
		</Unit>
		<Unit filename="daytime.h" />
		<Unit filename="debug.c">
			<Option compilerVar="CC" />
		</Unit>
		<Unit filename="debug.h" />
		<Unit filename="hero.c">
			<Option compilerVar="CC" />
		</Unit>
		<Unit filename="hero.h" />
		<Unit filename="include/curses.h" />
		<Unit filename="main.c">
			<Option compilerVar="CC" />
		</Unit>
		<Unit filename="mainloop.c">
			<Option compilerVar="CC" />
		</Unit>
		<Unit filename="mainloop.h" />
		<Unit filename="map.c">
			<Option compilerVar="CC" />
		</Unit>
		<Unit filename="map.h" />
		<Unit filename="map_gen.h" />
		<Unit filename="screen.c">
			<Option compilerVar="CC" />
		</Unit>
		<Unit filename="screen.h" />
		<Extensions />
	</Project>
</CodeBlocks_project_file>
